// !$*UTF8*$!
{
	archiveVersion = 1;
	classes = {
	};
	objectVersion = 46;
	objects = {

/* Begin PBXBuildFile section */
		0422DDC217D9B71A003F5D23 /* ICON.png in Resources */ = {isa = PBXBuildFile; fileRef = 0422DDC117D9B71A003F5D23 /* ICON.png */; };
		0422DDC417D9B739003F5D23 /* ICON.icns in Resources */ = {isa = PBXBuildFile; fileRef = 0422DDC317D9B739003F5D23 /* ICON.icns */; };
		0422DDC717D9B9A9003F5D23 /* sshController.m in Sources */ = {isa = PBXBuildFile; fileRef = 0422DDC617D9B9A9003F5D23 /* sshController.m */; };
		0422DDCA17D9DEAD003F5D23 /* presetManager.m in Sources */ = {isa = PBXBuildFile; fileRef = 0422DDC917D9DEAD003F5D23 /* presetManager.m */; };
		04260C5B17E04BC100E7135B /* sshConfigSheet.xib in Resources */ = {isa = PBXBuildFile; fileRef = 04260C5A17E04BC100E7135B /* sshConfigSheet.xib */; };
		043A952717D9845D0019CD1A /* sshConfig.m in Sources */ = {isa = PBXBuildFile; fileRef = 043A952617D9845D0019CD1A /* sshConfig.m */; };
		043A952A17D990940019CD1A /* SAVE-AS-PRESET-HIGHLIGHT.png in Resources */ = {isa = PBXBuildFile; fileRef = 043A952817D990940019CD1A /* SAVE-AS-PRESET-HIGHLIGHT.png */; };
		043A952B17D990940019CD1A /* SAVE-AS-PRESET-NORMAL.png in Resources */ = {isa = PBXBuildFile; fileRef = 043A952917D990940019CD1A /* SAVE-AS-PRESET-NORMAL.png */; };
		043A952E17D994A90019CD1A /* pull-down-hl.png in Resources */ = {isa = PBXBuildFile; fileRef = 043A952C17D994A90019CD1A /* pull-down-hl.png */; };
		043A952F17D994A90019CD1A /* pull-down.png in Resources */ = {isa = PBXBuildFile; fileRef = 043A952D17D994A90019CD1A /* pull-down.png */; };
		043A953117D99F020019CD1A /* pull-down-orange.png in Resources */ = {isa = PBXBuildFile; fileRef = 043A953017D99F020019CD1A /* pull-down-orange.png */; };
		043A953317D9A16E0019CD1A /* loading.gif in Resources */ = {isa = PBXBuildFile; fileRef = 043A953217D9A16E0019CD1A /* loading.gif */; };
		043A953717D9A3ED0019CD1A /* start-normal.png in Resources */ = {isa = PBXBuildFile; fileRef = 043A953517D9A3ED0019CD1A /* start-normal.png */; };
		0442B5AF17E70E300053C366 /* preset-list-border.png in Resources */ = {isa = PBXBuildFile; fileRef = 0442B5AE17E70E300053C366 /* preset-list-border.png */; };
		04511BA417E7F07F00A5498E /* open-at-login-zh.png in Resources */ = {isa = PBXBuildFile; fileRef = 04511BA317E7F07F00A5498E /* open-at-login-zh.png */; };
		04511BA617E7F0DE00A5498E /* open-at-login-en.png in Resources */ = {isa = PBXBuildFile; fileRef = 04511BA517E7F0DE00A5498E /* open-at-login-en.png */; };
		04511BA917E80DCE00A5498E /* start-at-login-highlight.png in Resources */ = {isa = PBXBuildFile; fileRef = 04511BA717E80DCE00A5498E /* start-at-login-highlight.png */; };
		04511BAA17E80DCE00A5498E /* start-at-login-normal.png in Resources */ = {isa = PBXBuildFile; fileRef = 04511BA817E80DCE00A5498E /* start-at-login-normal.png */; };
		04511BB717E8139700A5498E /* close-highlight.png in Resources */ = {isa = PBXBuildFile; fileRef = 04511BAB17E8139700A5498E /* close-highlight.png */; };
		04511BB817E8139700A5498E /* close-normal.png in Resources */ = {isa = PBXBuildFile; fileRef = 04511BAC17E8139700A5498E /* close-normal.png */; };
		04511BB917E8139700A5498E /* cancel-highlight.png in Resources */ = {isa = PBXBuildFile; fileRef = 04511BAD17E8139700A5498E /* cancel-highlight.png */; };
		04511BBA17E8139700A5498E /* cancel-normal.png in Resources */ = {isa = PBXBuildFile; fileRef = 04511BAE17E8139700A5498E /* cancel-normal.png */; };
		04511BBB17E8139700A5498E /* save-highlight.png in Resources */ = {isa = PBXBuildFile; fileRef = 04511BAF17E8139700A5498E /* save-highlight.png */; };
		04511BBC17E8139700A5498E /* save-normal.png in Resources */ = {isa = PBXBuildFile; fileRef = 04511BB017E8139700A5498E /* save-normal.png */; };
		04511BBD17E8139700A5498E /* edit-highlight.png in Resources */ = {isa = PBXBuildFile; fileRef = 04511BB117E8139700A5498E /* edit-highlight.png */; };
		04511BBE17E8139700A5498E /* edit-normal.png in Resources */ = {isa = PBXBuildFile; fileRef = 04511BB217E8139700A5498E /* edit-normal.png */; };
		04511BBF17E8139700A5498E /* delete-highlight.png in Resources */ = {isa = PBXBuildFile; fileRef = 04511BB317E8139700A5498E /* delete-highlight.png */; };
		04511BC017E8139700A5498E /* delete-normal.png in Resources */ = {isa = PBXBuildFile; fileRef = 04511BB417E8139700A5498E /* delete-normal.png */; };
		04511BC117E8139700A5498E /* connect-highlight.png in Resources */ = {isa = PBXBuildFile; fileRef = 04511BB517E8139700A5498E /* connect-highlight.png */; };
		04511BC217E8139700A5498E /* connect-normal.png in Resources */ = {isa = PBXBuildFile; fileRef = 04511BB617E8139700A5498E /* connect-normal.png */; };
		04511BC617E8543700A5498E /* myTableRowView.m in Sources */ = {isa = PBXBuildFile; fileRef = 04511BC517E8543700A5498E /* myTableRowView.m */; };
		04511BC817E8A7AD00A5498E /* start-highlight.png in Resources */ = {isa = PBXBuildFile; fileRef = 04511BC717E8A7AD00A5498E /* start-highlight.png */; };
		04511BCA17E8AD1D00A5498E /* preset-file-icon.icns in Resources */ = {isa = PBXBuildFile; fileRef = 04511BC917E8AD1D00A5498E /* preset-file-icon.icns */; };
		04777F1317DF12FE00DC2790 /* sshConfigPanel.xib in Resources */ = {isa = PBXBuildFile; fileRef = 04777F1217DF12FE00DC2790 /* sshConfigPanel.xib */; };
		04777F1B17DF1D6C00DC2790 /* sshConfigPanelController.m in Sources */ = {isa = PBXBuildFile; fileRef = 04777F1A17DF1D6C00DC2790 /* sshConfigPanelController.m */; };
		04790FC117E2F6680003B26E /* presets.plist in Resources */ = {isa = PBXBuildFile; fileRef = 04790FC017E2F6680003B26E /* presets.plist */; };
		04790FC217E334A60003B26E /* SecretSocksController.m in Sources */ = {isa = PBXBuildFile; fileRef = 04C30B9417E191C3004C8DEB /* SecretSocksController.m */; };
		04928C6617DAD87900F0D829 /* myTableView.m in Sources */ = {isa = PBXBuildFile; fileRef = 04928C6517DAD87900F0D829 /* myTableView.m */; };
		04928C6917DAE37A00F0D829 /* myTableCellView.m in Sources */ = {isa = PBXBuildFile; fileRef = 04928C6817DAE37A00F0D829 /* myTableCellView.m */; };
		0493FC8D17E9694B00771582 /* SimplePing.m in Sources */ = {isa = PBXBuildFile; fileRef = 0493FC8C17E9694B00771582 /* SimplePing.m */; };
		0493FC9A17E9A0EE00771582 /* progress-0.png in Resources */ = {isa = PBXBuildFile; fileRef = 0493FC8F17E9A0EE00771582 /* progress-0.png */; };
		0493FC9B17E9A0EE00771582 /* progress-1.png in Resources */ = {isa = PBXBuildFile; fileRef = 0493FC9017E9A0EE00771582 /* progress-1.png */; };
		0493FC9C17E9A0EE00771582 /* progress-10.png in Resources */ = {isa = PBXBuildFile; fileRef = 0493FC9117E9A0EE00771582 /* progress-10.png */; };
		0493FC9D17E9A0EE00771582 /* progress-2.png in Resources */ = {isa = PBXBuildFile; fileRef = 0493FC9217E9A0EE00771582 /* progress-2.png */; };
		0493FC9E17E9A0EE00771582 /* progress-3.png in Resources */ = {isa = PBXBuildFile; fileRef = 0493FC9317E9A0EE00771582 /* progress-3.png */; };
		0493FC9F17E9A0EE00771582 /* progress-4.png in Resources */ = {isa = PBXBuildFile; fileRef = 0493FC9417E9A0EE00771582 /* progress-4.png */; };
		0493FCA017E9A0EE00771582 /* progress-5.png in Resources */ = {isa = PBXBuildFile; fileRef = 0493FC9517E9A0EE00771582 /* progress-5.png */; };
		0493FCA117E9A0EE00771582 /* progress-6.png in Resources */ = {isa = PBXBuildFile; fileRef = 0493FC9617E9A0EE00771582 /* progress-6.png */; };
		0493FCA217E9A0EE00771582 /* progress-7.png in Resources */ = {isa = PBXBuildFile; fileRef = 0493FC9717E9A0EE00771582 /* progress-7.png */; };
		0493FCA317E9A0EE00771582 /* progress-8.png in Resources */ = {isa = PBXBuildFile; fileRef = 0493FC9817E9A0EE00771582 /* progress-8.png */; };
		0493FCA417E9A0EE00771582 /* progress-9.png in Resources */ = {isa = PBXBuildFile; fileRef = 0493FC9917E9A0EE00771582 /* progress-9.png */; };
		04ACE98517E59761001A136C /* status-bar-connecting-1.png in Resources */ = {isa = PBXBuildFile; fileRef = 04ACE98117E59761001A136C /* status-bar-connecting-1.png */; };
		04ACE98617E59761001A136C /* status-bar-connecting-2.png in Resources */ = {isa = PBXBuildFile; fileRef = 04ACE98217E59761001A136C /* status-bar-connecting-2.png */; };
		04ACE98717E59761001A136C /* status-bar-connecting-3.png in Resources */ = {isa = PBXBuildFile; fileRef = 04ACE98317E59761001A136C /* status-bar-connecting-3.png */; };
		04ACE98817E59761001A136C /* status-bar-connecting-4.png in Resources */ = {isa = PBXBuildFile; fileRef = 04ACE98417E59761001A136C /* status-bar-connecting-4.png */; };
		04ACE98C17E5AC46001A136C /* expand-button.png in Resources */ = {isa = PBXBuildFile; fileRef = 04ACE98B17E5AC46001A136C /* expand-button.png */; };
		04ACE99117E5AE58001A136C /* tabs_03.png in Resources */ = {isa = PBXBuildFile; fileRef = 04ACE98D17E5AE58001A136C /* tabs_03.png */; };
		04ACE99217E5AE58001A136C /* tabs_04.png in Resources */ = {isa = PBXBuildFile; fileRef = 04ACE98E17E5AE58001A136C /* tabs_04.png */; };
		04ACE99317E5AE58001A136C /* tabs-highlight_03.png in Resources */ = {isa = PBXBuildFile; fileRef = 04ACE98F17E5AE58001A136C /* tabs-highlight_03.png */; };
		04ACE99417E5AE58001A136C /* tabs-highlight_04.png in Resources */ = {isa = PBXBuildFile; fileRef = 04ACE99017E5AE58001A136C /* tabs-highlight_04.png */; };
		04ACE99617E5BDD4001A136C /* minisize-icon.png in Resources */ = {isa = PBXBuildFile; fileRef = 04ACE99517E5BDD4001A136C /* minisize-icon.png */; };
		04ACE99817E5C304001A136C /* collage-button.png in Resources */ = {isa = PBXBuildFile; fileRef = 04ACE99717E5C304001A136C /* collage-button.png */; };
		04ACE99A17E5FB32001A136C /* ICON 2.icns in Resources */ = {isa = PBXBuildFile; fileRef = 04ACE99917E5FB32001A136C /* ICON 2.icns */; };
		04ACE99E17E5FFC4001A136C /* status-bar-connected.png in Resources */ = {isa = PBXBuildFile; fileRef = 04ACE99D17E5FFC4001A136C /* status-bar-connected.png */; };
		04B440E217E1A906009A59A8 /* TaskWrapper.m in Sources */ = {isa = PBXBuildFile; fileRef = 04C30B9817E191C3004C8DEB /* TaskWrapper.m */; };
		04B440E317E1A917009A59A8 /* ssh_interface.m in Sources */ = {isa = PBXBuildFile; fileRef = 04C30B9617E191C3004C8DEB /* ssh_interface.m */; };
		04B440E617E1B289009A59A8 /* locked-socks-disable.png in Resources */ = {isa = PBXBuildFile; fileRef = 04B440E417E1B289009A59A8 /* locked-socks-disable.png */; };
		04B440E717E1B289009A59A8 /* locked-socks.png in Resources */ = {isa = PBXBuildFile; fileRef = 04B440E517E1B289009A59A8 /* locked-socks.png */; };
		04BD905F17E490A2002788A7 /* status-bar-connecting.gif in Resources */ = {isa = PBXBuildFile; fileRef = 04BD905C17E490A2002788A7 /* status-bar-connecting.gif */; };
		04BD906017E490A2002788A7 /* status-bar-disconnected.png in Resources */ = {isa = PBXBuildFile; fileRef = 04BD905D17E490A2002788A7 /* status-bar-disconnected.png */; };
		04C30B9117E16F7F004C8DEB /* checkbox-checked.png in Resources */ = {isa = PBXBuildFile; fileRef = 04C30B8F17E16F7F004C8DEB /* checkbox-checked.png */; };
		04C30B9217E16F7F004C8DEB /* checkbox-normal.png in Resources */ = {isa = PBXBuildFile; fileRef = 04C30B9017E16F7F004C8DEB /* checkbox-normal.png */; };
		04C30B9D17E191FA004C8DEB /* getservice in Resources */ = {isa = PBXBuildFile; fileRef = 04C30B9917E191FA004C8DEB /* getservice */; };
		04C30B9E17E191FA004C8DEB /* getservice.py in Resources */ = {isa = PBXBuildFile; fileRef = 04C30B9A17E191FA004C8DEB /* getservice.py */; };
		04C30B9F17E191FA004C8DEB /* pass in Resources */ = {isa = PBXBuildFile; fileRef = 04C30B9B17E191FA004C8DEB /* pass */; };
		04C30BA017E191FA004C8DEB /* ssh in Resources */ = {isa = PBXBuildFile; fileRef = 04C30B9C17E191FA004C8DEB /* ssh */; };
		04F001FA17D87EFD00749E05 /* Cocoa.framework in Frameworks */ = {isa = PBXBuildFile; fileRef = 04F001F917D87EFD00749E05 /* Cocoa.framework */; };
		04F0020417D87EFD00749E05 /* InfoPlist.strings in Resources */ = {isa = PBXBuildFile; fileRef = 04F0020217D87EFD00749E05 /* InfoPlist.strings */; };
		04F0020617D87EFD00749E05 /* main.m in Sources */ = {isa = PBXBuildFile; fileRef = 04F0020517D87EFD00749E05 /* main.m */; };
		04F0020A17D87EFD00749E05 /* Credits.rtf in Resources */ = {isa = PBXBuildFile; fileRef = 04F0020817D87EFD00749E05 /* Credits.rtf */; };
		04F0020D17D87EFD00749E05 /* AppDelegate.m in Sources */ = {isa = PBXBuildFile; fileRef = 04F0020C17D87EFD00749E05 /* AppDelegate.m */; };
		04F0021017D87EFD00749E05 /* MainMenu.xib in Resources */ = {isa = PBXBuildFile; fileRef = 04F0020E17D87EFD00749E05 /* MainMenu.xib */; };
		04F0021817D88A2000749E05 /* startButton.m in Sources */ = {isa = PBXBuildFile; fileRef = 04F0021717D88A2000749E05 /* startButton.m */; };
		04F0022117D895EA00749E05 /* button.png in Resources */ = {isa = PBXBuildFile; fileRef = 04F0021B17D895EA00749E05 /* button.png */; };
		04F0022217D895EA00749E05 /* circle_light.png in Resources */ = {isa = PBXBuildFile; fileRef = 04F0021C17D895EA00749E05 /* circle_light.png */; };
		04F0022317D895EA00749E05 /* circle.png in Resources */ = {isa = PBXBuildFile; fileRef = 04F0021D17D895EA00749E05 /* circle.png */; };
		04F0022D17D8CE5E00749E05 /* tabs_01.png in Resources */ = {isa = PBXBuildFile; fileRef = 04F0022717D8CE5E00749E05 /* tabs_01.png */; };
		04F0022E17D8CE5E00749E05 /* tabs_02.png in Resources */ = {isa = PBXBuildFile; fileRef = 04F0022817D8CE5E00749E05 /* tabs_02.png */; };
		04F0023017D8CE5E00749E05 /* tabs_highlight_01.png in Resources */ = {isa = PBXBuildFile; fileRef = 04F0022A17D8CE5E00749E05 /* tabs_highlight_01.png */; };
		04F0023117D8CE5E00749E05 /* tabs_highlight_02.png in Resources */ = {isa = PBXBuildFile; fileRef = 04F0022B17D8CE5E00749E05 /* tabs_highlight_02.png */; };
		3771662017EEB70A0069AABC /* myLabel.m in Sources */ = {isa = PBXBuildFile; fileRef = 3771661F17EEB70A0069AABC /* myLabel.m */; };
		3771662317EEC5F10069AABC /* RSVerticallyCenteredTextFieldCell.m in Sources */ = {isa = PBXBuildFile; fileRef = 3771662217EEC5F10069AABC /* RSVerticallyCenteredTextFieldCell.m */; };
		3774321517EE9C410083F32D /* SystemConfiguration.framework in Frameworks */ = {isa = PBXBuildFile; fileRef = 3774321417EE9C410083F32D /* SystemConfiguration.framework */; };
		3774321617EEB2BE0083F32D /* big_noodle_titling_oblique.ttf in Resources */ = {isa = PBXBuildFile; fileRef = 0439337D17E953AE00615C89 /* big_noodle_titling_oblique.ttf */; };
		3774321717EEB2BE0083F32D /* big_noodle_titling.ttf in Resources */ = {isa = PBXBuildFile; fileRef = 0439337E17E953AE00615C89 /* big_noodle_titling.ttf */; };
/* End PBXBuildFile section */

/* Begin PBXFileReference section */
		0422DDC117D9B71A003F5D23 /* ICON.png */ = {isa = PBXFileReference; lastKnownFileType = image.png; path = ICON.png; sourceTree = "<group>"; };
		0422DDC317D9B739003F5D23 /* ICON.icns */ = {isa = PBXFileReference; lastKnownFileType = image.icns; path = ICON.icns; sourceTree = "<group>"; };
		0422DDC517D9B9A9003F5D23 /* sshController.h */ = {isa = PBXFileReference; fileEncoding = 4; lastKnownFileType = sourcecode.c.h; path = sshController.h; sourceTree = "<group>"; };
		0422DDC617D9B9A9003F5D23 /* sshController.m */ = {isa = PBXFileReference; fileEncoding = 4; lastKnownFileType = sourcecode.c.objc; path = sshController.m; sourceTree = "<group>"; };
		0422DDC817D9DEAD003F5D23 /* presetManager.h */ = {isa = PBXFileReference; fileEncoding = 4; lastKnownFileType = sourcecode.c.h; path = presetManager.h; sourceTree = "<group>"; };
		0422DDC917D9DEAD003F5D23 /* presetManager.m */ = {isa = PBXFileReference; fileEncoding = 4; lastKnownFileType = sourcecode.c.objc; path = presetManager.m; sourceTree = "<group>"; };
		04260C5A17E04BC100E7135B /* sshConfigSheet.xib */ = {isa = PBXFileReference; fileEncoding = 4; lastKnownFileType = file.xib; name = sshConfigSheet.xib; path = ../sshConfigSheet.xib; sourceTree = "<group>"; };
		0439337D17E953AE00615C89 /* big_noodle_titling_oblique.ttf */ = {isa = PBXFileReference; lastKnownFileType = file; path = big_noodle_titling_oblique.ttf; sourceTree = "<group>"; };
		0439337E17E953AE00615C89 /* big_noodle_titling.ttf */ = {isa = PBXFileReference; lastKnownFileType = file; path = big_noodle_titling.ttf; sourceTree = "<group>"; };
		043A952517D9845D0019CD1A /* sshConfig.h */ = {isa = PBXFileReference; fileEncoding = 4; lastKnownFileType = sourcecode.c.h; path = sshConfig.h; sourceTree = "<group>"; };
		043A952617D9845D0019CD1A /* sshConfig.m */ = {isa = PBXFileReference; fileEncoding = 4; lastKnownFileType = sourcecode.c.objc; path = sshConfig.m; sourceTree = "<group>"; };
		043A952817D990940019CD1A /* SAVE-AS-PRESET-HIGHLIGHT.png */ = {isa = PBXFileReference; lastKnownFileType = image.png; path = "SAVE-AS-PRESET-HIGHLIGHT.png"; sourceTree = "<group>"; };
		043A952917D990940019CD1A /* SAVE-AS-PRESET-NORMAL.png */ = {isa = PBXFileReference; lastKnownFileType = image.png; path = "SAVE-AS-PRESET-NORMAL.png"; sourceTree = "<group>"; };
		043A952C17D994A90019CD1A /* pull-down-hl.png */ = {isa = PBXFileReference; lastKnownFileType = image.png; path = "pull-down-hl.png"; sourceTree = "<group>"; };
		043A952D17D994A90019CD1A /* pull-down.png */ = {isa = PBXFileReference; lastKnownFileType = image.png; path = "pull-down.png"; sourceTree = "<group>"; };
		043A953017D99F020019CD1A /* pull-down-orange.png */ = {isa = PBXFileReference; lastKnownFileType = image.png; path = "pull-down-orange.png"; sourceTree = "<group>"; };
		043A953217D9A16E0019CD1A /* loading.gif */ = {isa = PBXFileReference; lastKnownFileType = image.gif; path = loading.gif; sourceTree = "<group>"; };
		043A953517D9A3ED0019CD1A /* start-normal.png */ = {isa = PBXFileReference; lastKnownFileType = image.png; path = "start-normal.png"; sourceTree = "<group>"; };
		0442B5AE17E70E300053C366 /* preset-list-border.png */ = {isa = PBXFileReference; lastKnownFileType = image.png; path = "preset-list-border.png"; sourceTree = "<group>"; };
		04511BA317E7F07F00A5498E /* open-at-login-zh.png */ = {isa = PBXFileReference; lastKnownFileType = image.png; path = "open-at-login-zh.png"; sourceTree = "<group>"; };
		04511BA517E7F0DE00A5498E /* open-at-login-en.png */ = {isa = PBXFileReference; lastKnownFileType = image.png; path = "open-at-login-en.png"; sourceTree = "<group>"; };
		04511BA717E80DCE00A5498E /* start-at-login-highlight.png */ = {isa = PBXFileReference; lastKnownFileType = image.png; path = "start-at-login-highlight.png"; sourceTree = "<group>"; };
		04511BA817E80DCE00A5498E /* start-at-login-normal.png */ = {isa = PBXFileReference; lastKnownFileType = image.png; path = "start-at-login-normal.png"; sourceTree = "<group>"; };
		04511BAB17E8139700A5498E /* close-highlight.png */ = {isa = PBXFileReference; lastKnownFileType = image.png; path = "close-highlight.png"; sourceTree = "<group>"; };
		04511BAC17E8139700A5498E /* close-normal.png */ = {isa = PBXFileReference; lastKnownFileType = image.png; path = "close-normal.png"; sourceTree = "<group>"; };
		04511BAD17E8139700A5498E /* cancel-highlight.png */ = {isa = PBXFileReference; lastKnownFileType = image.png; path = "cancel-highlight.png"; sourceTree = "<group>"; };
		04511BAE17E8139700A5498E /* cancel-normal.png */ = {isa = PBXFileReference; lastKnownFileType = image.png; path = "cancel-normal.png"; sourceTree = "<group>"; };
		04511BAF17E8139700A5498E /* save-highlight.png */ = {isa = PBXFileReference; lastKnownFileType = image.png; path = "save-highlight.png"; sourceTree = "<group>"; };
		04511BB017E8139700A5498E /* save-normal.png */ = {isa = PBXFileReference; lastKnownFileType = image.png; path = "save-normal.png"; sourceTree = "<group>"; };
		04511BB117E8139700A5498E /* edit-highlight.png */ = {isa = PBXFileReference; lastKnownFileType = image.png; path = "edit-highlight.png"; sourceTree = "<group>"; };
		04511BB217E8139700A5498E /* edit-normal.png */ = {isa = PBXFileReference; lastKnownFileType = image.png; path = "edit-normal.png"; sourceTree = "<group>"; };
		04511BB317E8139700A5498E /* delete-highlight.png */ = {isa = PBXFileReference; lastKnownFileType = image.png; path = "delete-highlight.png"; sourceTree = "<group>"; };
		04511BB417E8139700A5498E /* delete-normal.png */ = {isa = PBXFileReference; lastKnownFileType = image.png; path = "delete-normal.png"; sourceTree = "<group>"; };
		04511BB517E8139700A5498E /* connect-highlight.png */ = {isa = PBXFileReference; lastKnownFileType = image.png; path = "connect-highlight.png"; sourceTree = "<group>"; };
		04511BB617E8139700A5498E /* connect-normal.png */ = {isa = PBXFileReference; lastKnownFileType = image.png; path = "connect-normal.png"; sourceTree = "<group>"; };
		04511BC417E8543700A5498E /* myTableRowView.h */ = {isa = PBXFileReference; fileEncoding = 4; lastKnownFileType = sourcecode.c.h; path = myTableRowView.h; sourceTree = "<group>"; };
		04511BC517E8543700A5498E /* myTableRowView.m */ = {isa = PBXFileReference; fileEncoding = 4; lastKnownFileType = sourcecode.c.objc; path = myTableRowView.m; sourceTree = "<group>"; };
		04511BC717E8A7AD00A5498E /* start-highlight.png */ = {isa = PBXFileReference; lastKnownFileType = image.png; path = "start-highlight.png"; sourceTree = "<group>"; };
		04511BC917E8AD1D00A5498E /* preset-file-icon.icns */ = {isa = PBXFileReference; lastKnownFileType = image.icns; path = "preset-file-icon.icns"; sourceTree = "<group>"; };
		04777F1217DF12FE00DC2790 /* sshConfigPanel.xib */ = {isa = PBXFileReference; fileEncoding = 4; lastKnownFileType = file.xib; path = sshConfigPanel.xib; sourceTree = "<group>"; };
		04777F1917DF1D6C00DC2790 /* sshConfigPanelController.h */ = {isa = PBXFileReference; fileEncoding = 4; lastKnownFileType = sourcecode.c.h; path = sshConfigPanelController.h; sourceTree = "<group>"; };
		04777F1A17DF1D6C00DC2790 /* sshConfigPanelController.m */ = {isa = PBXFileReference; fileEncoding = 4; lastKnownFileType = sourcecode.c.objc; path = sshConfigPanelController.m; sourceTree = "<group>"; };
		04790FC017E2F6680003B26E /* presets.plist */ = {isa = PBXFileReference; fileEncoding = 4; lastKnownFileType = text.plist.xml; path = presets.plist; sourceTree = "<group>"; };
		04928C6417DAD87900F0D829 /* myTableView.h */ = {isa = PBXFileReference; fileEncoding = 4; lastKnownFileType = sourcecode.c.h; path = myTableView.h; sourceTree = "<group>"; };
		04928C6517DAD87900F0D829 /* myTableView.m */ = {isa = PBXFileReference; fileEncoding = 4; lastKnownFileType = sourcecode.c.objc; path = myTableView.m; sourceTree = "<group>"; };
		04928C6717DAE37A00F0D829 /* myTableCellView.h */ = {isa = PBXFileReference; fileEncoding = 4; lastKnownFileType = sourcecode.c.h; path = myTableCellView.h; sourceTree = "<group>"; };
		04928C6817DAE37A00F0D829 /* myTableCellView.m */ = {isa = PBXFileReference; fileEncoding = 4; lastKnownFileType = sourcecode.c.objc; path = myTableCellView.m; sourceTree = "<group>"; };
		0493FC8B17E9694B00771582 /* SimplePing.h */ = {isa = PBXFileReference; fileEncoding = 4; lastKnownFileType = sourcecode.c.h; path = SimplePing.h; sourceTree = "<group>"; };
		0493FC8C17E9694B00771582 /* SimplePing.m */ = {isa = PBXFileReference; fileEncoding = 4; lastKnownFileType = sourcecode.c.objc; path = SimplePing.m; sourceTree = "<group>"; };
		0493FC8F17E9A0EE00771582 /* progress-0.png */ = {isa = PBXFileReference; lastKnownFileType = image.png; path = "progress-0.png"; sourceTree = "<group>"; };
		0493FC9017E9A0EE00771582 /* progress-1.png */ = {isa = PBXFileReference; lastKnownFileType = image.png; path = "progress-1.png"; sourceTree = "<group>"; };
		0493FC9117E9A0EE00771582 /* progress-10.png */ = {isa = PBXFileReference; lastKnownFileType = image.png; path = "progress-10.png"; sourceTree = "<group>"; };
		0493FC9217E9A0EE00771582 /* progress-2.png */ = {isa = PBXFileReference; lastKnownFileType = image.png; path = "progress-2.png"; sourceTree = "<group>"; };
		0493FC9317E9A0EE00771582 /* progress-3.png */ = {isa = PBXFileReference; lastKnownFileType = image.png; path = "progress-3.png"; sourceTree = "<group>"; };
		0493FC9417E9A0EE00771582 /* progress-4.png */ = {isa = PBXFileReference; lastKnownFileType = image.png; path = "progress-4.png"; sourceTree = "<group>"; };
		0493FC9517E9A0EE00771582 /* progress-5.png */ = {isa = PBXFileReference; lastKnownFileType = image.png; path = "progress-5.png"; sourceTree = "<group>"; };
		0493FC9617E9A0EE00771582 /* progress-6.png */ = {isa = PBXFileReference; lastKnownFileType = image.png; path = "progress-6.png"; sourceTree = "<group>"; };
		0493FC9717E9A0EE00771582 /* progress-7.png */ = {isa = PBXFileReference; lastKnownFileType = image.png; path = "progress-7.png"; sourceTree = "<group>"; };
		0493FC9817E9A0EE00771582 /* progress-8.png */ = {isa = PBXFileReference; lastKnownFileType = image.png; path = "progress-8.png"; sourceTree = "<group>"; };
		0493FC9917E9A0EE00771582 /* progress-9.png */ = {isa = PBXFileReference; lastKnownFileType = image.png; path = "progress-9.png"; sourceTree = "<group>"; };
		04ACE98117E59761001A136C /* status-bar-connecting-1.png */ = {isa = PBXFileReference; lastKnownFileType = image.png; path = "status-bar-connecting-1.png"; sourceTree = "<group>"; };
		04ACE98217E59761001A136C /* status-bar-connecting-2.png */ = {isa = PBXFileReference; lastKnownFileType = image.png; path = "status-bar-connecting-2.png"; sourceTree = "<group>"; };
		04ACE98317E59761001A136C /* status-bar-connecting-3.png */ = {isa = PBXFileReference; lastKnownFileType = image.png; path = "status-bar-connecting-3.png"; sourceTree = "<group>"; };
		04ACE98417E59761001A136C /* status-bar-connecting-4.png */ = {isa = PBXFileReference; lastKnownFileType = image.png; path = "status-bar-connecting-4.png"; sourceTree = "<group>"; };
		04ACE98B17E5AC46001A136C /* expand-button.png */ = {isa = PBXFileReference; lastKnownFileType = image.png; path = "expand-button.png"; sourceTree = "<group>"; };
		04ACE98D17E5AE58001A136C /* tabs_03.png */ = {isa = PBXFileReference; lastKnownFileType = image.png; path = tabs_03.png; sourceTree = "<group>"; };
		04ACE98E17E5AE58001A136C /* tabs_04.png */ = {isa = PBXFileReference; lastKnownFileType = image.png; path = tabs_04.png; sourceTree = "<group>"; };
		04ACE98F17E5AE58001A136C /* tabs-highlight_03.png */ = {isa = PBXFileReference; lastKnownFileType = image.png; path = "tabs-highlight_03.png"; sourceTree = "<group>"; };
		04ACE99017E5AE58001A136C /* tabs-highlight_04.png */ = {isa = PBXFileReference; lastKnownFileType = image.png; path = "tabs-highlight_04.png"; sourceTree = "<group>"; };
		04ACE99517E5BDD4001A136C /* minisize-icon.png */ = {isa = PBXFileReference; lastKnownFileType = image.png; path = "minisize-icon.png"; sourceTree = "<group>"; };
		04ACE99717E5C304001A136C /* collage-button.png */ = {isa = PBXFileReference; lastKnownFileType = image.png; path = "collage-button.png"; sourceTree = "<group>"; };
		04ACE99917E5FB32001A136C /* ICON 2.icns */ = {isa = PBXFileReference; lastKnownFileType = image.icns; name = "ICON 2.icns"; path = "../ICON 2.icns"; sourceTree = "<group>"; };
		04ACE99D17E5FFC4001A136C /* status-bar-connected.png */ = {isa = PBXFileReference; lastKnownFileType = image.png; path = "status-bar-connected.png"; sourceTree = "<group>"; };
		04B440E417E1B289009A59A8 /* locked-socks-disable.png */ = {isa = PBXFileReference; lastKnownFileType = image.png; path = "locked-socks-disable.png"; sourceTree = "<group>"; };
		04B440E517E1B289009A59A8 /* locked-socks.png */ = {isa = PBXFileReference; lastKnownFileType = image.png; path = "locked-socks.png"; sourceTree = "<group>"; };
		04BD905C17E490A2002788A7 /* status-bar-connecting.gif */ = {isa = PBXFileReference; lastKnownFileType = image.gif; path = "status-bar-connecting.gif"; sourceTree = "<group>"; };
		04BD905D17E490A2002788A7 /* status-bar-disconnected.png */ = {isa = PBXFileReference; lastKnownFileType = image.png; path = "status-bar-disconnected.png"; sourceTree = "<group>"; };
		04C30B8F17E16F7F004C8DEB /* checkbox-checked.png */ = {isa = PBXFileReference; lastKnownFileType = image.png; path = "checkbox-checked.png"; sourceTree = "<group>"; };
		04C30B9017E16F7F004C8DEB /* checkbox-normal.png */ = {isa = PBXFileReference; lastKnownFileType = image.png; path = "checkbox-normal.png"; sourceTree = "<group>"; };
		04C30B9317E191C3004C8DEB /* SecretSocksController.h */ = {isa = PBXFileReference; lastKnownFileType = sourcecode.c.h; path = SecretSocksController.h; sourceTree = "<group>"; };
		04C30B9417E191C3004C8DEB /* SecretSocksController.m */ = {isa = PBXFileReference; lastKnownFileType = sourcecode.c.objc; path = SecretSocksController.m; sourceTree = "<group>"; };
		04C30B9517E191C3004C8DEB /* ssh_interface.h */ = {isa = PBXFileReference; lastKnownFileType = sourcecode.c.h; path = ssh_interface.h; sourceTree = "<group>"; };
		04C30B9617E191C3004C8DEB /* ssh_interface.m */ = {isa = PBXFileReference; lastKnownFileType = sourcecode.c.objc; path = ssh_interface.m; sourceTree = "<group>"; };
		04C30B9717E191C3004C8DEB /* TaskWrapper.h */ = {isa = PBXFileReference; lastKnownFileType = sourcecode.c.h; path = TaskWrapper.h; sourceTree = "<group>"; };
		04C30B9817E191C3004C8DEB /* TaskWrapper.m */ = {isa = PBXFileReference; lastKnownFileType = sourcecode.c.objc; path = TaskWrapper.m; sourceTree = "<group>"; };
		04C30B9917E191FA004C8DEB /* getservice */ = {isa = PBXFileReference; fileEncoding = 4; lastKnownFileType = text.script.sh; path = getservice; sourceTree = "<group>"; };
		04C30B9A17E191FA004C8DEB /* getservice.py */ = {isa = PBXFileReference; fileEncoding = 4; lastKnownFileType = text.script.python; path = getservice.py; sourceTree = "<group>"; };
		04C30B9B17E191FA004C8DEB /* pass */ = {isa = PBXFileReference; fileEncoding = 4; lastKnownFileType = text.script.sh; path = pass; sourceTree = "<group>"; };
		04C30B9C17E191FA004C8DEB /* ssh */ = {isa = PBXFileReference; lastKnownFileType = "compiled.mach-o.executable"; path = ssh; sourceTree = "<group>"; };
		04F001F617D87EFD00749E05 /* BetterSSH.app */ = {isa = PBXFileReference; explicitFileType = wrapper.application; includeInIndex = 0; path = BetterSSH.app; sourceTree = BUILT_PRODUCTS_DIR; };
		04F001F917D87EFD00749E05 /* Cocoa.framework */ = {isa = PBXFileReference; lastKnownFileType = wrapper.framework; name = Cocoa.framework; path = System/Library/Frameworks/Cocoa.framework; sourceTree = SDKROOT; };
		04F001FC17D87EFD00749E05 /* AppKit.framework */ = {isa = PBXFileReference; lastKnownFileType = wrapper.framework; name = AppKit.framework; path = System/Library/Frameworks/AppKit.framework; sourceTree = SDKROOT; };
		04F001FD17D87EFD00749E05 /* CoreData.framework */ = {isa = PBXFileReference; lastKnownFileType = wrapper.framework; name = CoreData.framework; path = System/Library/Frameworks/CoreData.framework; sourceTree = SDKROOT; };
		04F001FE17D87EFD00749E05 /* Foundation.framework */ = {isa = PBXFileReference; lastKnownFileType = wrapper.framework; name = Foundation.framework; path = System/Library/Frameworks/Foundation.framework; sourceTree = SDKROOT; };
		04F0020117D87EFD00749E05 /* BetterSSH-Info.plist */ = {isa = PBXFileReference; lastKnownFileType = text.plist.xml; path = "BetterSSH-Info.plist"; sourceTree = "<group>"; };
		04F0020317D87EFD00749E05 /* en */ = {isa = PBXFileReference; lastKnownFileType = text.plist.strings; name = en; path = en.lproj/InfoPlist.strings; sourceTree = "<group>"; };
		04F0020517D87EFD00749E05 /* main.m */ = {isa = PBXFileReference; lastKnownFileType = sourcecode.c.objc; path = main.m; sourceTree = "<group>"; };
		04F0020717D87EFD00749E05 /* BetterSSH-Prefix.pch */ = {isa = PBXFileReference; lastKnownFileType = sourcecode.c.h; path = "BetterSSH-Prefix.pch"; sourceTree = "<group>"; };
		04F0020917D87EFD00749E05 /* en */ = {isa = PBXFileReference; lastKnownFileType = text.rtf; name = en; path = en.lproj/Credits.rtf; sourceTree = "<group>"; };
		04F0020B17D87EFD00749E05 /* AppDelegate.h */ = {isa = PBXFileReference; lastKnownFileType = sourcecode.c.h; path = AppDelegate.h; sourceTree = "<group>"; };
		04F0020C17D87EFD00749E05 /* AppDelegate.m */ = {isa = PBXFileReference; lastKnownFileType = sourcecode.c.objc; path = AppDelegate.m; sourceTree = "<group>"; };
		04F0020F17D87EFD00749E05 /* en */ = {isa = PBXFileReference; lastKnownFileType = file.xib; name = en; path = en.lproj/MainMenu.xib; sourceTree = "<group>"; };
		04F0021617D88A2000749E05 /* startButton.h */ = {isa = PBXFileReference; fileEncoding = 4; lastKnownFileType = sourcecode.c.h; path = startButton.h; sourceTree = "<group>"; };
		04F0021717D88A2000749E05 /* startButton.m */ = {isa = PBXFileReference; fileEncoding = 4; lastKnownFileType = sourcecode.c.objc; path = startButton.m; sourceTree = "<group>"; };
		04F0021B17D895EA00749E05 /* button.png */ = {isa = PBXFileReference; lastKnownFileType = image.png; path = button.png; sourceTree = "<group>"; };
		04F0021C17D895EA00749E05 /* circle_light.png */ = {isa = PBXFileReference; lastKnownFileType = image.png; path = circle_light.png; sourceTree = "<group>"; };
		04F0021D17D895EA00749E05 /* circle.png */ = {isa = PBXFileReference; lastKnownFileType = image.png; path = circle.png; sourceTree = "<group>"; };
		04F0022717D8CE5E00749E05 /* tabs_01.png */ = {isa = PBXFileReference; lastKnownFileType = image.png; name = tabs_01.png; path = ../tabs_01.png; sourceTree = "<group>"; };
		04F0022817D8CE5E00749E05 /* tabs_02.png */ = {isa = PBXFileReference; lastKnownFileType = image.png; name = tabs_02.png; path = ../tabs_02.png; sourceTree = "<group>"; };
		04F0022A17D8CE5E00749E05 /* tabs_highlight_01.png */ = {isa = PBXFileReference; lastKnownFileType = image.png; name = tabs_highlight_01.png; path = ../tabs_highlight_01.png; sourceTree = "<group>"; };
		04F0022B17D8CE5E00749E05 /* tabs_highlight_02.png */ = {isa = PBXFileReference; lastKnownFileType = image.png; name = tabs_highlight_02.png; path = ../tabs_highlight_02.png; sourceTree = "<group>"; };
		3771661E17EEB70A0069AABC /* myLabel.h */ = {isa = PBXFileReference; fileEncoding = 4; lastKnownFileType = sourcecode.c.h; path = myLabel.h; sourceTree = "<group>"; };
		3771661F17EEB70A0069AABC /* myLabel.m */ = {isa = PBXFileReference; fileEncoding = 4; lastKnownFileType = sourcecode.c.objc; path = myLabel.m; sourceTree = "<group>"; };
		3771662117EEC5F10069AABC /* RSVerticallyCenteredTextFieldCell.h */ = {isa = PBXFileReference; fileEncoding = 4; lastKnownFileType = sourcecode.c.h; path = RSVerticallyCenteredTextFieldCell.h; sourceTree = "<group>"; };
		3771662217EEC5F10069AABC /* RSVerticallyCenteredTextFieldCell.m */ = {isa = PBXFileReference; fileEncoding = 4; lastKnownFileType = sourcecode.c.objc; path = RSVerticallyCenteredTextFieldCell.m; sourceTree = "<group>"; };
		3774321417EE9C410083F32D /* SystemConfiguration.framework */ = {isa = PBXFileReference; lastKnownFileType = wrapper.framework; name = SystemConfiguration.framework; path = System/Library/Frameworks/SystemConfiguration.framework; sourceTree = SDKROOT; };
/* End PBXFileReference section */

/* Begin PBXFrameworksBuildPhase section */
		04F001F317D87EFD00749E05 /* Frameworks */ = {
			isa = PBXFrameworksBuildPhase;
			buildActionMask = 2147483647;
			files = (
				3774321517EE9C410083F32D /* SystemConfiguration.framework in Frameworks */,
				04F001FA17D87EFD00749E05 /* Cocoa.framework in Frameworks */,
			);
			runOnlyForDeploymentPostprocessing = 0;
		};
/* End PBXFrameworksBuildPhase section */

/* Begin PBXGroup section */
		04511BC317E8541000A5498E /* myTableView */ = {
			isa = PBXGroup;
			children = (
				04928C6717DAE37A00F0D829 /* myTableCellView.h */,
				04928C6817DAE37A00F0D829 /* myTableCellView.m */,
				04928C6417DAD87900F0D829 /* myTableView.h */,
				04928C6517DAD87900F0D829 /* myTableView.m */,
				04511BC417E8543700A5498E /* myTableRowView.h */,
				04511BC517E8543700A5498E /* myTableRowView.m */,
			);
			name = myTableView;
			sourceTree = "<group>";
		};
		0493FC8E17E9A0EE00771582 /* progress */ = {
			isa = PBXGroup;
			children = (
				0493FC8F17E9A0EE00771582 /* progress-0.png */,
				0493FC9017E9A0EE00771582 /* progress-1.png */,
				0493FC9117E9A0EE00771582 /* progress-10.png */,
				0493FC9217E9A0EE00771582 /* progress-2.png */,
				0493FC9317E9A0EE00771582 /* progress-3.png */,
				0493FC9417E9A0EE00771582 /* progress-4.png */,
				0493FC9517E9A0EE00771582 /* progress-5.png */,
				0493FC9617E9A0EE00771582 /* progress-6.png */,
				0493FC9717E9A0EE00771582 /* progress-7.png */,
				0493FC9817E9A0EE00771582 /* progress-8.png */,
				0493FC9917E9A0EE00771582 /* progress-9.png */,
			);
			path = progress;
			sourceTree = "<group>";
		};
		04C30B8A17E16F58004C8DEB /* Resource */ = {
			isa = PBXGroup;
			children = (
				0493FC8E17E9A0EE00771582 /* progress */,
				0439337D17E953AE00615C89 /* big_noodle_titling_oblique.ttf */,
				0439337E17E953AE00615C89 /* big_noodle_titling.ttf */,
				04511BC917E8AD1D00A5498E /* preset-file-icon.icns */,
				04511BAB17E8139700A5498E /* close-highlight.png */,
				04511BAC17E8139700A5498E /* close-normal.png */,
				04511BAD17E8139700A5498E /* cancel-highlight.png */,
				04511BAE17E8139700A5498E /* cancel-normal.png */,
				04511BAF17E8139700A5498E /* save-highlight.png */,
				04511BB017E8139700A5498E /* save-normal.png */,
				04511BB117E8139700A5498E /* edit-highlight.png */,
				04511BB217E8139700A5498E /* edit-normal.png */,
				04511BB317E8139700A5498E /* delete-highlight.png */,
				04511BB417E8139700A5498E /* delete-normal.png */,
				04511BB517E8139700A5498E /* connect-highlight.png */,
				04511BB617E8139700A5498E /* connect-normal.png */,
				04511BA717E80DCE00A5498E /* start-at-login-highlight.png */,
				04511BA817E80DCE00A5498E /* start-at-login-normal.png */,
				04511BA517E7F0DE00A5498E /* open-at-login-en.png */,
				04511BA317E7F07F00A5498E /* open-at-login-zh.png */,
				0442B5AE17E70E300053C366 /* preset-list-border.png */,
				04ACE99D17E5FFC4001A136C /* status-bar-connected.png */,
				04ACE99917E5FB32001A136C /* ICON 2.icns */,
				04ACE99717E5C304001A136C /* collage-button.png */,
				04ACE99517E5BDD4001A136C /* minisize-icon.png */,
				04ACE98D17E5AE58001A136C /* tabs_03.png */,
				04ACE98E17E5AE58001A136C /* tabs_04.png */,
				04ACE98F17E5AE58001A136C /* tabs-highlight_03.png */,
				04ACE99017E5AE58001A136C /* tabs-highlight_04.png */,
				04ACE98B17E5AC46001A136C /* expand-button.png */,
				04ACE98117E59761001A136C /* status-bar-connecting-1.png */,
				04ACE98217E59761001A136C /* status-bar-connecting-2.png */,
				04ACE98317E59761001A136C /* status-bar-connecting-3.png */,
				04ACE98417E59761001A136C /* status-bar-connecting-4.png */,
				04BD905C17E490A2002788A7 /* status-bar-connecting.gif */,
				04BD905D17E490A2002788A7 /* status-bar-disconnected.png */,
				04B440E417E1B289009A59A8 /* locked-socks-disable.png */,
				04B440E517E1B289009A59A8 /* locked-socks.png */,
				04C30B9917E191FA004C8DEB /* getservice */,
				04C30B9A17E191FA004C8DEB /* getservice.py */,
				04C30B9B17E191FA004C8DEB /* pass */,
				04C30B9C17E191FA004C8DEB /* ssh */,
				043A953217D9A16E0019CD1A /* loading.gif */,
				04C30B8F17E16F7F004C8DEB /* checkbox-checked.png */,
				04C30B9017E16F7F004C8DEB /* checkbox-normal.png */,
				04F0021B17D895EA00749E05 /* button.png */,
				04F0021D17D895EA00749E05 /* circle.png */,
				04F0021C17D895EA00749E05 /* circle_light.png */,
				043A952C17D994A90019CD1A /* pull-down-hl.png */,
				043A953017D99F020019CD1A /* pull-down-orange.png */,
				043A952D17D994A90019CD1A /* pull-down.png */,
				043A952817D990940019CD1A /* SAVE-AS-PRESET-HIGHLIGHT.png */,
				043A952917D990940019CD1A /* SAVE-AS-PRESET-NORMAL.png */,
				04511BC717E8A7AD00A5498E /* start-highlight.png */,
				043A953517D9A3ED0019CD1A /* start-normal.png */,
				04F0022717D8CE5E00749E05 /* tabs_01.png */,
				04F0022817D8CE5E00749E05 /* tabs_02.png */,
				04F0022A17D8CE5E00749E05 /* tabs_highlight_01.png */,
				04F0022B17D8CE5E00749E05 /* tabs_highlight_02.png */,
			);
			name = Resource;
			sourceTree = "<group>";
		};
		04F001ED17D87EFD00749E05 = {
			isa = PBXGroup;
			children = (
				04F001FF17D87EFD00749E05 /* BetterSSH */,
				04F001F817D87EFD00749E05 /* Frameworks */,
				0422DDC317D9B739003F5D23 /* ICON.icns */,
				0422DDC117D9B71A003F5D23 /* ICON.png */,
				04F001F717D87EFD00749E05 /* Products */,
			);
			sourceTree = "<group>";
		};
		04F001F717D87EFD00749E05 /* Products */ = {
			isa = PBXGroup;
			children = (
				04F001F617D87EFD00749E05 /* BetterSSH.app */,
			);
			name = Products;
			sourceTree = "<group>";
		};
		04F001F817D87EFD00749E05 /* Frameworks */ = {
			isa = PBXGroup;
			children = (
				3774321417EE9C410083F32D /* SystemConfiguration.framework */,
				04F001F917D87EFD00749E05 /* Cocoa.framework */,
				04F001FB17D87EFD00749E05 /* Other Frameworks */,
			);
			name = Frameworks;
			sourceTree = "<group>";
		};
		04F001FB17D87EFD00749E05 /* Other Frameworks */ = {
			isa = PBXGroup;
			children = (
				04F001FC17D87EFD00749E05 /* AppKit.framework */,
				04F001FD17D87EFD00749E05 /* CoreData.framework */,
				04F001FE17D87EFD00749E05 /* Foundation.framework */,
			);
			name = "Other Frameworks";
			sourceTree = "<group>";
		};
		04F001FF17D87EFD00749E05 /* BetterSSH */ = {
			isa = PBXGroup;
			children = (
				04C30B9317E191C3004C8DEB /* SecretSocksController.h */,
				04C30B9417E191C3004C8DEB /* SecretSocksController.m */,
				04C30B9517E191C3004C8DEB /* ssh_interface.h */,
				04C30B9617E191C3004C8DEB /* ssh_interface.m */,
				04C30B9717E191C3004C8DEB /* TaskWrapper.h */,
				04C30B9817E191C3004C8DEB /* TaskWrapper.m */,
				0493FC8B17E9694B00771582 /* SimplePing.h */,
				0493FC8C17E9694B00771582 /* SimplePing.m */,
				04C30B8A17E16F58004C8DEB /* Resource */,
				04F0020B17D87EFD00749E05 /* AppDelegate.h */,
				04F0020C17D87EFD00749E05 /* AppDelegate.m */,
				04F0020E17D87EFD00749E05 /* MainMenu.xib */,
				04511BC317E8541000A5498E /* myTableView */,
				0422DDC817D9DEAD003F5D23 /* presetManager.h */,
				0422DDC917D9DEAD003F5D23 /* presetManager.m */,
				043A952517D9845D0019CD1A /* sshConfig.h */,
				043A952617D9845D0019CD1A /* sshConfig.m */,
				04777F1217DF12FE00DC2790 /* sshConfigPanel.xib */,
				04777F1917DF1D6C00DC2790 /* sshConfigPanelController.h */,
				04777F1A17DF1D6C00DC2790 /* sshConfigPanelController.m */,
				04260C5A17E04BC100E7135B /* sshConfigSheet.xib */,
				0422DDC517D9B9A9003F5D23 /* sshController.h */,
				0422DDC617D9B9A9003F5D23 /* sshController.m */,
				04F0021617D88A2000749E05 /* startButton.h */,
				04F0021717D88A2000749E05 /* startButton.m */,
				3771662117EEC5F10069AABC /* RSVerticallyCenteredTextFieldCell.h */,
				3771662217EEC5F10069AABC /* RSVerticallyCenteredTextFieldCell.m */,
				04F0020017D87EFD00749E05 /* Supporting Files */,
				3771661E17EEB70A0069AABC /* myLabel.h */,
				3771661F17EEB70A0069AABC /* myLabel.m */,
			);
			path = BetterSSH;
			sourceTree = "<group>";
		};
		04F0020017D87EFD00749E05 /* Supporting Files */ = {
			isa = PBXGroup;
			children = (
				04F0020117D87EFD00749E05 /* BetterSSH-Info.plist */,
				04F0020217D87EFD00749E05 /* InfoPlist.strings */,
				04F0020517D87EFD00749E05 /* main.m */,
				04F0020717D87EFD00749E05 /* BetterSSH-Prefix.pch */,
				04F0020817D87EFD00749E05 /* Credits.rtf */,
				04790FC017E2F6680003B26E /* presets.plist */,
			);
			name = "Supporting Files";
			sourceTree = "<group>";
		};
/* End PBXGroup section */

/* Begin PBXNativeTarget section */
		04F001F517D87EFD00749E05 /* BetterSSH */ = {
			isa = PBXNativeTarget;
			buildConfigurationList = 04F0021317D87EFD00749E05 /* Build configuration list for PBXNativeTarget "BetterSSH" */;
			buildPhases = (
				04F001F217D87EFD00749E05 /* Sources */,
				04F001F317D87EFD00749E05 /* Frameworks */,
				04F001F417D87EFD00749E05 /* Resources */,
			);
			buildRules = (
			);
			dependencies = (
			);
			name = BetterSSH;
			productName = BetterSSH;
			productReference = 04F001F617D87EFD00749E05 /* BetterSSH.app */;
			productType = "com.apple.product-type.application";
		};
/* End PBXNativeTarget section */

/* Begin PBXProject section */
		04F001EE17D87EFD00749E05 /* Project object */ = {
			isa = PBXProject;
			attributes = {
				LastUpgradeCheck = 0460;
				ORGANIZATIONNAME = "Kent Peifeng Ke";
			};
			buildConfigurationList = 04F001F117D87EFD00749E05 /* Build configuration list for PBXProject "BetterSSH" */;
			compatibilityVersion = "Xcode 3.2";
			developmentRegion = English;
			hasScannedForEncodings = 0;
			knownRegions = (
				en,
			);
			mainGroup = 04F001ED17D87EFD00749E05;
			productRefGroup = 04F001F717D87EFD00749E05 /* Products */;
			projectDirPath = "";
			projectRoot = "";
			targets = (
				04F001F517D87EFD00749E05 /* BetterSSH */,
			);
		};
/* End PBXProject section */

/* Begin PBXResourcesBuildPhase section */
		04F001F417D87EFD00749E05 /* Resources */ = {
			isa = PBXResourcesBuildPhase;
			buildActionMask = 2147483647;
			files = (
				04F0020417D87EFD00749E05 /* InfoPlist.strings in Resources */,
				04F0020A17D87EFD00749E05 /* Credits.rtf in Resources */,
				04F0021017D87EFD00749E05 /* MainMenu.xib in Resources */,
				04F0022117D895EA00749E05 /* button.png in Resources */,
				04F0022217D895EA00749E05 /* circle_light.png in Resources */,
				04F0022317D895EA00749E05 /* circle.png in Resources */,
				04F0022D17D8CE5E00749E05 /* tabs_01.png in Resources */,
				04F0022E17D8CE5E00749E05 /* tabs_02.png in Resources */,
				04F0023017D8CE5E00749E05 /* tabs_highlight_01.png in Resources */,
				04F0023117D8CE5E00749E05 /* tabs_highlight_02.png in Resources */,
				043A952A17D990940019CD1A /* SAVE-AS-PRESET-HIGHLIGHT.png in Resources */,
				3774321717EEB2BE0083F32D /* big_noodle_titling.ttf in Resources */,
				043A952B17D990940019CD1A /* SAVE-AS-PRESET-NORMAL.png in Resources */,
				043A952E17D994A90019CD1A /* pull-down-hl.png in Resources */,
				043A952F17D994A90019CD1A /* pull-down.png in Resources */,
				043A953117D99F020019CD1A /* pull-down-orange.png in Resources */,
				043A953317D9A16E0019CD1A /* loading.gif in Resources */,
				043A953717D9A3ED0019CD1A /* start-normal.png in Resources */,
				0422DDC217D9B71A003F5D23 /* ICON.png in Resources */,
				0422DDC417D9B739003F5D23 /* ICON.icns in Resources */,
				04777F1317DF12FE00DC2790 /* sshConfigPanel.xib in Resources */,
				04260C5B17E04BC100E7135B /* sshConfigSheet.xib in Resources */,
				04C30B9117E16F7F004C8DEB /* checkbox-checked.png in Resources */,
				04C30B9217E16F7F004C8DEB /* checkbox-normal.png in Resources */,
				04C30B9D17E191FA004C8DEB /* getservice in Resources */,
				04C30B9E17E191FA004C8DEB /* getservice.py in Resources */,
				04C30B9F17E191FA004C8DEB /* pass in Resources */,
				04C30BA017E191FA004C8DEB /* ssh in Resources */,
				04B440E617E1B289009A59A8 /* locked-socks-disable.png in Resources */,
				04B440E717E1B289009A59A8 /* locked-socks.png in Resources */,
				04790FC117E2F6680003B26E /* presets.plist in Resources */,
				04BD905F17E490A2002788A7 /* status-bar-connecting.gif in Resources */,
				04BD906017E490A2002788A7 /* status-bar-disconnected.png in Resources */,
				04ACE98517E59761001A136C /* status-bar-connecting-1.png in Resources */,
				04ACE98617E59761001A136C /* status-bar-connecting-2.png in Resources */,
				04ACE98717E59761001A136C /* status-bar-connecting-3.png in Resources */,
				04ACE98817E59761001A136C /* status-bar-connecting-4.png in Resources */,
				04ACE98C17E5AC46001A136C /* expand-button.png in Resources */,
				04ACE99117E5AE58001A136C /* tabs_03.png in Resources */,
				04ACE99217E5AE58001A136C /* tabs_04.png in Resources */,
				04ACE99317E5AE58001A136C /* tabs-highlight_03.png in Resources */,
				04ACE99417E5AE58001A136C /* tabs-highlight_04.png in Resources */,
				04ACE99617E5BDD4001A136C /* minisize-icon.png in Resources */,
				04ACE99817E5C304001A136C /* collage-button.png in Resources */,
				04ACE99A17E5FB32001A136C /* ICON 2.icns in Resources */,
				04ACE99E17E5FFC4001A136C /* status-bar-connected.png in Resources */,
				0442B5AF17E70E300053C366 /* preset-list-border.png in Resources */,
				04511BA417E7F07F00A5498E /* open-at-login-zh.png in Resources */,
				04511BA617E7F0DE00A5498E /* open-at-login-en.png in Resources */,
				04511BA917E80DCE00A5498E /* start-at-login-highlight.png in Resources */,
				04511BAA17E80DCE00A5498E /* start-at-login-normal.png in Resources */,
				3774321617EEB2BE0083F32D /* big_noodle_titling_oblique.ttf in Resources */,
				04511BB717E8139700A5498E /* close-highlight.png in Resources */,
				04511BB817E8139700A5498E /* close-normal.png in Resources */,
				04511BB917E8139700A5498E /* cancel-highlight.png in Resources */,
				04511BBA17E8139700A5498E /* cancel-normal.png in Resources */,
				04511BBB17E8139700A5498E /* save-highlight.png in Resources */,
				04511BBC17E8139700A5498E /* save-normal.png in Resources */,
				04511BBD17E8139700A5498E /* edit-highlight.png in Resources */,
				04511BBE17E8139700A5498E /* edit-normal.png in Resources */,
				04511BBF17E8139700A5498E /* delete-highlight.png in Resources */,
				04511BC017E8139700A5498E /* delete-normal.png in Resources */,
				04511BC117E8139700A5498E /* connect-highlight.png in Resources */,
				04511BC217E8139700A5498E /* connect-normal.png in Resources */,
				04511BC817E8A7AD00A5498E /* start-highlight.png in Resources */,
				04511BCA17E8AD1D00A5498E /* preset-file-icon.icns in Resources */,
				0493FC9A17E9A0EE00771582 /* progress-0.png in Resources */,
				0493FC9B17E9A0EE00771582 /* progress-1.png in Resources */,
				0493FC9C17E9A0EE00771582 /* progress-10.png in Resources */,
				0493FC9D17E9A0EE00771582 /* progress-2.png in Resources */,
				0493FC9E17E9A0EE00771582 /* progress-3.png in Resources */,
				0493FC9F17E9A0EE00771582 /* progress-4.png in Resources */,
				0493FCA017E9A0EE00771582 /* progress-5.png in Resources */,
				0493FCA117E9A0EE00771582 /* progress-6.png in Resources */,
				0493FCA217E9A0EE00771582 /* progress-7.png in Resources */,
				0493FCA317E9A0EE00771582 /* progress-8.png in Resources */,
				0493FCA417E9A0EE00771582 /* progress-9.png in Resources */,
			);
			runOnlyForDeploymentPostprocessing = 0;
		};
/* End PBXResourcesBuildPhase section */

/* Begin PBXSourcesBuildPhase section */
		04F001F217D87EFD00749E05 /* Sources */ = {
			isa = PBXSourcesBuildPhase;
			buildActionMask = 2147483647;
			files = (
				04F0020617D87EFD00749E05 /* main.m in Sources */,
				04F0020D17D87EFD00749E05 /* AppDelegate.m in Sources */,
				04F0021817D88A2000749E05 /* startButton.m in Sources */,
				043A952717D9845D0019CD1A /* sshConfig.m in Sources */,
				0422DDC717D9B9A9003F5D23 /* sshController.m in Sources */,
				0422DDCA17D9DEAD003F5D23 /* presetManager.m in Sources */,
				04928C6617DAD87900F0D829 /* myTableView.m in Sources */,
				04928C6917DAE37A00F0D829 /* myTableCellView.m in Sources */,
				3771662017EEB70A0069AABC /* myLabel.m in Sources */,
				04777F1B17DF1D6C00DC2790 /* sshConfigPanelController.m in Sources */,
				04B440E217E1A906009A59A8 /* TaskWrapper.m in Sources */,
				04B440E317E1A917009A59A8 /* ssh_interface.m in Sources */,
				04790FC217E334A60003B26E /* SecretSocksController.m in Sources */,
				3771662317EEC5F10069AABC /* RSVerticallyCenteredTextFieldCell.m in Sources */,
				04511BC617E8543700A5498E /* myTableRowView.m in Sources */,
				0493FC8D17E9694B00771582 /* SimplePing.m in Sources */,
			);
			runOnlyForDeploymentPostprocessing = 0;
		};
/* End PBXSourcesBuildPhase section */

/* Begin PBXVariantGroup section */
		04F0020217D87EFD00749E05 /* InfoPlist.strings */ = {
			isa = PBXVariantGroup;
			children = (
				04F0020317D87EFD00749E05 /* en */,
			);
			name = InfoPlist.strings;
			sourceTree = "<group>";
		};
		04F0020817D87EFD00749E05 /* Credits.rtf */ = {
			isa = PBXVariantGroup;
			children = (
				04F0020917D87EFD00749E05 /* en */,
			);
			name = Credits.rtf;
			sourceTree = "<group>";
		};
		04F0020E17D87EFD00749E05 /* MainMenu.xib */ = {
			isa = PBXVariantGroup;
			children = (
				04F0020F17D87EFD00749E05 /* en */,
			);
			name = MainMenu.xib;
			sourceTree = "<group>";
		};
/* End PBXVariantGroup section */

/* Begin XCBuildConfiguration section */
		04F0021117D87EFD00749E05 /* Debug */ = {
			isa = XCBuildConfiguration;
			buildSettings = {
				ALWAYS_SEARCH_USER_PATHS = NO;
				ARCHS = "$(ARCHS_STANDARD_64_BIT)";
				CLANG_CXX_LANGUAGE_STANDARD = "gnu++0x";
				CLANG_CXX_LIBRARY = "libc++";
				CLANG_ENABLE_OBJC_ARC = YES;
				CLANG_WARN_CONSTANT_CONVERSION = YES;
				CLANG_WARN_EMPTY_BODY = YES;
				CLANG_WARN_ENUM_CONVERSION = YES;
				CLANG_WARN_INT_CONVERSION = YES;
				CLANG_WARN__DUPLICATE_METHOD_MATCH = YES;
				COPY_PHASE_STRIP = NO;
				GCC_C_LANGUAGE_STANDARD = gnu99;
				GCC_DYNAMIC_NO_PIC = NO;
				GCC_ENABLE_OBJC_EXCEPTIONS = YES;
				GCC_OPTIMIZATION_LEVEL = 0;
				GCC_PREPROCESSOR_DEFINITIONS = (
					"DEBUG=1",
					"$(inherited)",
				);
				GCC_SYMBOLS_PRIVATE_EXTERN = NO;
				GCC_WARN_64_TO_32_BIT_CONVERSION = YES;
				GCC_WARN_ABOUT_RETURN_TYPE = YES;
				GCC_WARN_UNINITIALIZED_AUTOS = YES;
				GCC_WARN_UNUSED_VARIABLE = YES;
				MACOSX_DEPLOYMENT_TARGET = 10.8;
				ONLY_ACTIVE_ARCH = YES;
				SDKROOT = macosx;
			};
			name = Debug;
		};
		04F0021217D87EFD00749E05 /* Release */ = {
			isa = XCBuildConfiguration;
			buildSettings = {
				ALWAYS_SEARCH_USER_PATHS = NO;
				ARCHS = "$(ARCHS_STANDARD_64_BIT)";
				CLANG_CXX_LANGUAGE_STANDARD = "gnu++0x";
				CLANG_CXX_LIBRARY = "libc++";
				CLANG_ENABLE_OBJC_ARC = YES;
				CLANG_WARN_CONSTANT_CONVERSION = YES;
				CLANG_WARN_EMPTY_BODY = YES;
				CLANG_WARN_ENUM_CONVERSION = YES;
				CLANG_WARN_INT_CONVERSION = YES;
				CLANG_WARN__DUPLICATE_METHOD_MATCH = YES;
				COPY_PHASE_STRIP = YES;
				DEBUG_INFORMATION_FORMAT = "dwarf-with-dsym";
				GCC_C_LANGUAGE_STANDARD = gnu99;
				GCC_ENABLE_OBJC_EXCEPTIONS = YES;
				GCC_WARN_64_TO_32_BIT_CONVERSION = YES;
				GCC_WARN_ABOUT_RETURN_TYPE = YES;
				GCC_WARN_UNINITIALIZED_AUTOS = YES;
				GCC_WARN_UNUSED_VARIABLE = YES;
				MACOSX_DEPLOYMENT_TARGET = 10.8;
				SDKROOT = macosx;
			};
			name = Release;
		};
		04F0021417D87EFD00749E05 /* Debug */ = {
			isa = XCBuildConfiguration;
			buildSettings = {
				COMBINE_HIDPI_IMAGES = YES;
				GCC_PRECOMPILE_PREFIX_HEADER = YES;
				GCC_PREFIX_HEADER = "BetterSSH/BetterSSH-Prefix.pch";
				INFOPLIST_FILE = "BetterSSH/BetterSSH-Info.plist";
				PRODUCT_NAME = "$(TARGET_NAME)";
				WRAPPER_EXTENSION = app;
			};
			name = Debug;
		};
		04F0021517D87EFD00749E05 /* Release */ = {
			isa = XCBuildConfiguration;
			buildSettings = {
				COMBINE_HIDPI_IMAGES = YES;
				GCC_PRECOMPILE_PREFIX_HEADER = YES;
				GCC_PREFIX_HEADER = "BetterSSH/BetterSSH-Prefix.pch";
				INFOPLIST_FILE = "BetterSSH/BetterSSH-Info.plist";
				PRODUCT_NAME = "$(TARGET_NAME)";
				WRAPPER_EXTENSION = app;
			};
			name = Release;
		};
/* End XCBuildConfiguration section */

/* Begin XCConfigurationList section */
		04F001F117D87EFD00749E05 /* Build configuration list for PBXProject "BetterSSH" */ = {
			isa = XCConfigurationList;
			buildConfigurations = (
				04F0021117D87EFD00749E05 /* Debug */,
				04F0021217D87EFD00749E05 /* Release */,
			);
			defaultConfigurationIsVisible = 0;
			defaultConfigurationName = Release;
		};
		04F0021317D87EFD00749E05 /* Build configuration list for PBXNativeTarget "BetterSSH" */ = {
			isa = XCConfigurationList;
			buildConfigurations = (
				04F0021417D87EFD00749E05 /* Debug */,
				04F0021517D87EFD00749E05 /* Release */,
			);
			defaultConfigurationIsVisible = 0;
			defaultConfigurationName = Release;
		};
/* End XCConfigurationList section */
	};
	rootObject = 04F001EE17D87EFD00749E05 /* Project object */;
}
